
Microsoft Visual Studio Solution File, Format Version 12.00
# Visual Studio Version 17
VisualStudioVersion = 17.0.31903.59
MinimumVisualStudioVersion = 10.0.40219.1
Project("{2150E333-8FDC-42A3-9474-1A3956D46DE8}") = "src", "src", "{3CEEEE8C-F0B7-4A39-B901-D0BEEBEB69D3}"
EndProject
Project("{FAE04EC0-301F-11D3-BF4B-00C04F79EFBC}") = "OwOAuth.WebApp", "src\OwOAuth.WebApp\OwOAuth.WebApp.csproj", "{91FF40D0-0549-46D5-B041-A07E7CD8E28D}"
EndProject
Global
	GlobalSection(SolutionConfigurationPlatforms) = preSolution
		Debug|Any CPU = Debug|Any CPU
		Release|Any CPU = Release|Any CPU
	EndGlobalSection
	GlobalSection(SolutionProperties) = preSolution
		HideSolutionNode = FALSE
	EndGlobalSection
	GlobalSection(ProjectConfigurationPlatforms) = postSolution
		{91FF40D0-0549-46D5-B041-A07E7CD8E28D}.Debug|Any CPU.ActiveCfg = Debug|Any CPU
		{91FF40D0-0549-46D5-B041-A07E7CD8E28D}.Debug|Any CPU.Build.0 = Debug|Any CPU
		{91FF40D0-0549-46D5-B041-A07E7CD8E28D}.Release|Any CPU.ActiveCfg = Release|Any CPU
		{91FF40D0-0549-46D5-B041-A07E7CD8E28D}.Release|Any CPU.Build.0 = Release|Any CPU
	EndGlobalSection
	GlobalSection(NestedProjects) = preSolution
		{91FF40D0-0549-46D5-B041-A07E7CD8E28D} = {3CEEEE8C-F0B7-4A39-B901-D0BEEBEB69D3}
	EndGlobalSection
EndGlobal
